Microsoft Visual Studio Solution File, Format Version 12.00
# Visual Studio 2012
Project("{098F6BCD-4621-D373-CADE-4E832627B4F6}") = "test", "Assembly-CSharp-Editor.csproj", "{DC068CE2-A1A4-566F-A155-C010D2F8914D}"
EndProject
Global
	GlobalSection(SolutionConfigurationPlatforms) = preSolution
		Debug|Any CPU = Debug|Any CPU
		Release|Any CPU = Release|Any CPU
	EndGlobalSection
	GlobalSection(ProjectConfigurationPlatforms) = postSolution
		{DC068CE2-A1A4-566F-A155-C010D2F8914D}.Debug|Any CPU.ActiveCfg = Debug|Any CPU
		{DC068CE2-A1A4-566F-A155-C010D2F8914D}.Debug|Any CPU.Build.0 = Debug|Any CPU
		{DC068CE2-A1A4-566F-A155-C010D2F8914D}.Release|Any CPU.ActiveCfg = Release|Any CPU
		{DC068CE2-A1A4-566F-A155-C010D2F8914D}.Release|Any CPU.Build.0 = Release|Any CPU
	EndGlobalSection
	GlobalSection(MonoDevelopProperties) = preSolution
		StartupItem = Assembly-CSharp.csproj
	EndGlobalSection
EndGlobal
