Microsoft Visual Studio Solution File, Format Version 11.00
# Visual Studio 2008

Project("{0EC5769D-D29D-225B-6C34-EA617808701A}") = "Create-a-Game-Project-master", "Assembly-CSharp-firstpass.csproj", "{29844153-0771-B65A-BC7D-BD13DCA6B90D}"
EndProject
Project("{0EC5769D-D29D-225B-6C34-EA617808701A}") = "Create-a-Game-Project-master", "Assembly-CSharp.csproj", "{EB2C455E-E1B4-B6B2-5F43-B6D69BA42202}"
EndProject
Project("{0EC5769D-D29D-225B-6C34-EA617808701A}") = "Create-a-Game-Project-master", "Assembly-CSharp-Editor.csproj", "{52B7B224-3EBE-87E7-D372-B42D94AD917F}"
EndProject
Global
	GlobalSection(SolutionConfigurationPlatforms) = preSolution
		Debug|Any CPU = Debug|Any CPU
		Release|Any CPU = Release|Any CPU
	EndGlobalSection
	GlobalSection(ProjectConfigurationPlatforms) = postSolution
		{29844153-0771-B65A-BC7D-BD13DCA6B90D}.Debug|Any CPU.ActiveCfg = Debug|Any CPU
		{29844153-0771-B65A-BC7D-BD13DCA6B90D}.Debug|Any CPU.Build.0 = Debug|Any CPU
		{29844153-0771-B65A-BC7D-BD13DCA6B90D}.Release|Any CPU.ActiveCfg = Release|Any CPU
		{29844153-0771-B65A-BC7D-BD13DCA6B90D}.Release|Any CPU.Build.0 = Release|Any CPU
		{EB2C455E-E1B4-B6B2-5F43-B6D69BA42202}.Debug|Any CPU.ActiveCfg = Debug|Any CPU
		{EB2C455E-E1B4-B6B2-5F43-B6D69BA42202}.Debug|Any CPU.Build.0 = Debug|Any CPU
		{EB2C455E-E1B4-B6B2-5F43-B6D69BA42202}.Release|Any CPU.ActiveCfg = Release|Any CPU
		{EB2C455E-E1B4-B6B2-5F43-B6D69BA42202}.Release|Any CPU.Build.0 = Release|Any CPU
		{52B7B224-3EBE-87E7-D372-B42D94AD917F}.Debug|Any CPU.ActiveCfg = Debug|Any CPU
		{52B7B224-3EBE-87E7-D372-B42D94AD917F}.Debug|Any CPU.Build.0 = Debug|Any CPU
		{52B7B224-3EBE-87E7-D372-B42D94AD917F}.Release|Any CPU.ActiveCfg = Release|Any CPU
		{52B7B224-3EBE-87E7-D372-B42D94AD917F}.Release|Any CPU.Build.0 = Release|Any CPU
	EndGlobalSection
	GlobalSection(SolutionProperties) = preSolution
		HideSolutionNode = FALSE
	EndGlobalSection
	GlobalSection(MonoDevelopProperties) = preSolution
		StartupItem = Assembly-CSharp.csproj
	EndGlobalSection
EndGlobal
