Microsoft Visual Studio Solution File, Format Version 11.00
# Visual Studio 2008

Project("{2C50107D-374B-F6BE-F1D8-943711644918}") = "c-dog", "Assembly-CSharp.csproj", "{C930C10C-DE97-652E-1D5D-1EC57F72D932}"
EndProject
Global
	GlobalSection(SolutionConfigurationPlatforms) = preSolution
		Debug|Any CPU = Debug|Any CPU
		Release|Any CPU = Release|Any CPU
	EndGlobalSection
	GlobalSection(ProjectConfigurationPlatforms) = postSolution
		{C930C10C-DE97-652E-1D5D-1EC57F72D932}.Debug|Any CPU.ActiveCfg = Debug|Any CPU
		{C930C10C-DE97-652E-1D5D-1EC57F72D932}.Debug|Any CPU.Build.0 = Debug|Any CPU
		{C930C10C-DE97-652E-1D5D-1EC57F72D932}.Release|Any CPU.ActiveCfg = Release|Any CPU
		{C930C10C-DE97-652E-1D5D-1EC57F72D932}.Release|Any CPU.Build.0 = Release|Any CPU
	EndGlobalSection
	GlobalSection(SolutionProperties) = preSolution
		HideSolutionNode = FALSE
	EndGlobalSection
	GlobalSection(MonoDevelopProperties) = preSolution
		StartupItem = Assembly-CSharp.csproj
	EndGlobalSection
EndGlobal
